
Microsoft Visual Studio Solution File, Format Version 12.00
# Visual Studio Version 17
VisualStudioVersion = 17.11.35303.130
MinimumVisualStudioVersion = 10.0.40219.1
Project("{2150E333-8FDC-42A3-9474-1A3956D46DE8}") = "CatanGameInternal", "CatanGameInternal", "{86F22CF2-9D26-4CDC-8F86-69F47B8D7ABD}"
	ProjectSection(SolutionItems) = preProject
		configuration.yaml = configuration.yaml
	EndProjectSection
EndProject
Project("{2150E333-8FDC-42A3-9474-1A3956D46DE8}") = "Users", "Users", "{127DBF8E-FD80-454D-B03F-3E56CB339D48}"
EndProject
Project("{2150E333-8FDC-42A3-9474-1A3956D46DE8}") = "Tests", "Tests", "{6A30A525-A315-409F-9830-222E63A9C39D}"
EndProject
Project("{9A19103F-16F7-4668-BE54-9A1E7A4F7556}") = "UserManager.Core", "Users\UserManager.Core\UserManager.Core.csproj", "{8F71D8C2-D269-4838-83B4-A65AA5178F09}"
EndProject
Project("{9A19103F-16F7-4668-BE54-9A1E7A4F7556}") = "UserManager.Interfaces", "Users\User.Interfaces\UserManager.Interfaces.csproj", "{1608538B-411F-4B8A-8C8B-4846D0B1EB82}"
EndProject
Project("{9A19103F-16F7-4668-BE54-9A1E7A4F7556}") = "UserManager.API", "Users\UserManager\UserManager.API.csproj", "{41C0655C-8671-40FD-A780-F439E5627F8B}"
EndProject
Project("{9A19103F-16F7-4668-BE54-9A1E7A4F7556}") = "UserManager.Common", "Users\UserManager.Common\UserManager.Common.csproj", "{9498CD29-F633-456B-821E-7D637461C0C0}"
EndProject
Project("{2150E333-8FDC-42A3-9474-1A3956D46DE8}") = "CommonLib", "CommonLib", "{A817F561-B1CB-4700-BA41-0EBB357484D6}"
EndProject
Project("{9A19103F-16F7-4668-BE54-9A1E7A4F7556}") = "CommonLib", "CommonLib\CommonLib\CommonLib.csproj", "{97CCD6D3-42BA-4DEC-B7F1-E7352D7BA5E7}"
EndProject
Project("{9A19103F-16F7-4668-BE54-9A1E7A4F7556}") = "UserManager.MongoPersist", "Users\UserManager.MongoPersist\UserManager.MongoPersist.csproj", "{05ED174F-3592-47BB-8DF2-C6DFA7DED853}"
EndProject
Project("{9A19103F-16F7-4668-BE54-9A1E7A4F7556}") = "CatanGame.Tests", "Tests\CatanGame.Tests\CatanGame.Tests.csproj", "{9E200D7A-C262-4193-94BA-8121FFA8D2EE}"
EndProject
Project("{2150E333-8FDC-42A3-9474-1A3956D46DE8}") = "KafkaTestHelpers", "KafkaTestHelpers", "{8D0C3B8D-40B4-41ED-8A24-FAC938C2DB9D}"
EndProject
Project("{9A19103F-16F7-4668-BE54-9A1E7A4F7556}") = "TestKafkaConsume", "KafkaTesters\TestKafkaConsume\TestKafkaConsume.csproj", "{0F1F9615-0072-48AF-B2E0-34E439A5D749}"
EndProject
Project("{9A19103F-16F7-4668-BE54-9A1E7A4F7556}") = "TestKafkaProduce", "KafkaTesters\TestKafkaProduce\TestKafkaProduce.csproj", "{010C1C7D-62FD-4169-A2DB-AFBAC367EA13}"
EndProject
Project("{E53339B2-1760-4266-BCC7-CA923CBCF16C}") = "docker-compose", "docker-compose.dcproj", "{5EC21F8F-F92A-4BE1-8AAE-CD90E95AFA34}"
EndProject
Project("{2150E333-8FDC-42A3-9474-1A3956D46DE8}") = "CatanGameExternal", "CatanGameExternal", "{A321F135-F377-4DF8-B5F0-2E1CD030A353}"
EndProject
Project("{2150E333-8FDC-42A3-9474-1A3956D46DE8}") = "CatanGame", "CatanGame", "{D7D0A5BB-D822-4A87-B49B-3AAC8C0899CC}"
EndProject
Project("{9A19103F-16F7-4668-BE54-9A1E7A4F7556}") = "CatanGameManager.Common", "CatanGame\CatanGameManager.Common\CatanGameManager.Common.csproj", "{637B2344-3FE8-44A6-B581-EA8D3E2350D4}"
EndProject
Project("{9A19103F-16F7-4668-BE54-9A1E7A4F7556}") = "CatanGameManager.Interfaces", "CatanGame\CatanGameInternal\CatanGame.Interfaces\CatanGameManager.Interfaces.csproj", "{2A7EF9D5-936F-460B-B234-9A4128FAA6E0}"
EndProject
Project("{9A19103F-16F7-4668-BE54-9A1E7A4F7556}") = "CatanGameManager.Internal_API", "CatanGame\CatanGameInternal\CatanGameManager.API\CatanGameManager.Internal_API.csproj", "{1F3D551D-6BCB-4BF6-9FD9-C85E209194A7}"
EndProject
Project("{9A19103F-16F7-4668-BE54-9A1E7A4F7556}") = "CatanGameManager.Core", "CatanGame\CatanGameInternal\CatanGameManager.Core\CatanGameManager.Core.csproj", "{FFD83A72-B8E5-477F-B11F-3754A5DB0A4F}"
EndProject
Project("{9A19103F-16F7-4668-BE54-9A1E7A4F7556}") = "CatanGameManger.Persistence.Mongo", "CatanGame\CatanGameInternal\CatanGameManger.Persistence.Mongo\CatanGameManger.Persistence.Mongo.csproj", "{9F6B2AD7-DD6B-4B3C-93C3-009E6BCB6AB3}"
EndProject
Project("{9A19103F-16F7-4668-BE54-9A1E7A4F7556}") = "CatanGameManager.External_API", "CatanGame\CatanGameExternal\CatanGameManager.External_API\CatanGameManager.External_API.csproj", "{1C3E6518-2303-4528-AE64-41DFA7577A31}"
EndProject
Global
	GlobalSection(SolutionConfigurationPlatforms) = preSolution
		Debug|Any CPU = Debug|Any CPU
		Release|Any CPU = Release|Any CPU
	EndGlobalSection
	GlobalSection(ProjectConfigurationPlatforms) = postSolution
		{8F71D8C2-D269-4838-83B4-A65AA5178F09}.Debug|Any CPU.ActiveCfg = Debug|Any CPU
		{8F71D8C2-D269-4838-83B4-A65AA5178F09}.Debug|Any CPU.Build.0 = Debug|Any CPU
		{8F71D8C2-D269-4838-83B4-A65AA5178F09}.Release|Any CPU.ActiveCfg = Release|Any CPU
		{8F71D8C2-D269-4838-83B4-A65AA5178F09}.Release|Any CPU.Build.0 = Release|Any CPU
		{1608538B-411F-4B8A-8C8B-4846D0B1EB82}.Debug|Any CPU.ActiveCfg = Debug|Any CPU
		{1608538B-411F-4B8A-8C8B-4846D0B1EB82}.Debug|Any CPU.Build.0 = Debug|Any CPU
		{1608538B-411F-4B8A-8C8B-4846D0B1EB82}.Release|Any CPU.ActiveCfg = Release|Any CPU
		{1608538B-411F-4B8A-8C8B-4846D0B1EB82}.Release|Any CPU.Build.0 = Release|Any CPU
		{41C0655C-8671-40FD-A780-F439E5627F8B}.Debug|Any CPU.ActiveCfg = Debug|Any CPU
		{41C0655C-8671-40FD-A780-F439E5627F8B}.Debug|Any CPU.Build.0 = Debug|Any CPU
		{41C0655C-8671-40FD-A780-F439E5627F8B}.Release|Any CPU.ActiveCfg = Release|Any CPU
		{41C0655C-8671-40FD-A780-F439E5627F8B}.Release|Any CPU.Build.0 = Release|Any CPU
		{9498CD29-F633-456B-821E-7D637461C0C0}.Debug|Any CPU.ActiveCfg = Debug|Any CPU
		{9498CD29-F633-456B-821E-7D637461C0C0}.Debug|Any CPU.Build.0 = Debug|Any CPU
		{9498CD29-F633-456B-821E-7D637461C0C0}.Release|Any CPU.ActiveCfg = Release|Any CPU
		{9498CD29-F633-456B-821E-7D637461C0C0}.Release|Any CPU.Build.0 = Release|Any CPU
		{97CCD6D3-42BA-4DEC-B7F1-E7352D7BA5E7}.Debug|Any CPU.ActiveCfg = Debug|Any CPU
		{97CCD6D3-42BA-4DEC-B7F1-E7352D7BA5E7}.Debug|Any CPU.Build.0 = Debug|Any CPU
		{97CCD6D3-42BA-4DEC-B7F1-E7352D7BA5E7}.Release|Any CPU.ActiveCfg = Release|Any CPU
		{97CCD6D3-42BA-4DEC-B7F1-E7352D7BA5E7}.Release|Any CPU.Build.0 = Release|Any CPU
		{05ED174F-3592-47BB-8DF2-C6DFA7DED853}.Debug|Any CPU.ActiveCfg = Debug|Any CPU
		{05ED174F-3592-47BB-8DF2-C6DFA7DED853}.Debug|Any CPU.Build.0 = Debug|Any CPU
		{05ED174F-3592-47BB-8DF2-C6DFA7DED853}.Release|Any CPU.ActiveCfg = Release|Any CPU
		{05ED174F-3592-47BB-8DF2-C6DFA7DED853}.Release|Any CPU.Build.0 = Release|Any CPU
		{9E200D7A-C262-4193-94BA-8121FFA8D2EE}.Debug|Any CPU.ActiveCfg = Debug|Any CPU
		{9E200D7A-C262-4193-94BA-8121FFA8D2EE}.Debug|Any CPU.Build.0 = Debug|Any CPU
		{9E200D7A-C262-4193-94BA-8121FFA8D2EE}.Release|Any CPU.ActiveCfg = Release|Any CPU
		{9E200D7A-C262-4193-94BA-8121FFA8D2EE}.Release|Any CPU.Build.0 = Release|Any CPU
		{0F1F9615-0072-48AF-B2E0-34E439A5D749}.Debug|Any CPU.ActiveCfg = Debug|Any CPU
		{0F1F9615-0072-48AF-B2E0-34E439A5D749}.Debug|Any CPU.Build.0 = Debug|Any CPU
		{0F1F9615-0072-48AF-B2E0-34E439A5D749}.Release|Any CPU.ActiveCfg = Release|Any CPU
		{0F1F9615-0072-48AF-B2E0-34E439A5D749}.Release|Any CPU.Build.0 = Release|Any CPU
		{010C1C7D-62FD-4169-A2DB-AFBAC367EA13}.Debug|Any CPU.ActiveCfg = Debug|Any CPU
		{010C1C7D-62FD-4169-A2DB-AFBAC367EA13}.Debug|Any CPU.Build.0 = Debug|Any CPU
		{010C1C7D-62FD-4169-A2DB-AFBAC367EA13}.Release|Any CPU.ActiveCfg = Release|Any CPU
		{010C1C7D-62FD-4169-A2DB-AFBAC367EA13}.Release|Any CPU.Build.0 = Release|Any CPU
		{5EC21F8F-F92A-4BE1-8AAE-CD90E95AFA34}.Debug|Any CPU.ActiveCfg = Debug|Any CPU
		{5EC21F8F-F92A-4BE1-8AAE-CD90E95AFA34}.Debug|Any CPU.Build.0 = Debug|Any CPU
		{5EC21F8F-F92A-4BE1-8AAE-CD90E95AFA34}.Release|Any CPU.ActiveCfg = Release|Any CPU
		{5EC21F8F-F92A-4BE1-8AAE-CD90E95AFA34}.Release|Any CPU.Build.0 = Release|Any CPU
		{637B2344-3FE8-44A6-B581-EA8D3E2350D4}.Debug|Any CPU.ActiveCfg = Debug|Any CPU
		{637B2344-3FE8-44A6-B581-EA8D3E2350D4}.Debug|Any CPU.Build.0 = Debug|Any CPU
		{637B2344-3FE8-44A6-B581-EA8D3E2350D4}.Release|Any CPU.ActiveCfg = Release|Any CPU
		{637B2344-3FE8-44A6-B581-EA8D3E2350D4}.Release|Any CPU.Build.0 = Release|Any CPU
		{2A7EF9D5-936F-460B-B234-9A4128FAA6E0}.Debug|Any CPU.ActiveCfg = Debug|Any CPU
		{2A7EF9D5-936F-460B-B234-9A4128FAA6E0}.Debug|Any CPU.Build.0 = Debug|Any CPU
		{2A7EF9D5-936F-460B-B234-9A4128FAA6E0}.Release|Any CPU.ActiveCfg = Release|Any CPU
		{2A7EF9D5-936F-460B-B234-9A4128FAA6E0}.Release|Any CPU.Build.0 = Release|Any CPU
		{1F3D551D-6BCB-4BF6-9FD9-C85E209194A7}.Debug|Any CPU.ActiveCfg = Debug|Any CPU
		{1F3D551D-6BCB-4BF6-9FD9-C85E209194A7}.Debug|Any CPU.Build.0 = Debug|Any CPU
		{1F3D551D-6BCB-4BF6-9FD9-C85E209194A7}.Release|Any CPU.ActiveCfg = Release|Any CPU
		{1F3D551D-6BCB-4BF6-9FD9-C85E209194A7}.Release|Any CPU.Build.0 = Release|Any CPU
		{FFD83A72-B8E5-477F-B11F-3754A5DB0A4F}.Debug|Any CPU.ActiveCfg = Debug|Any CPU
		{FFD83A72-B8E5-477F-B11F-3754A5DB0A4F}.Debug|Any CPU.Build.0 = Debug|Any CPU
		{FFD83A72-B8E5-477F-B11F-3754A5DB0A4F}.Release|Any CPU.ActiveCfg = Release|Any CPU
		{FFD83A72-B8E5-477F-B11F-3754A5DB0A4F}.Release|Any CPU.Build.0 = Release|Any CPU
		{9F6B2AD7-DD6B-4B3C-93C3-009E6BCB6AB3}.Debug|Any CPU.ActiveCfg = Debug|Any CPU
		{9F6B2AD7-DD6B-4B3C-93C3-009E6BCB6AB3}.Debug|Any CPU.Build.0 = Debug|Any CPU
		{9F6B2AD7-DD6B-4B3C-93C3-009E6BCB6AB3}.Release|Any CPU.ActiveCfg = Release|Any CPU
		{9F6B2AD7-DD6B-4B3C-93C3-009E6BCB6AB3}.Release|Any CPU.Build.0 = Release|Any CPU
		{1C3E6518-2303-4528-AE64-41DFA7577A31}.Debug|Any CPU.ActiveCfg = Debug|Any CPU
		{1C3E6518-2303-4528-AE64-41DFA7577A31}.Debug|Any CPU.Build.0 = Debug|Any CPU
		{1C3E6518-2303-4528-AE64-41DFA7577A31}.Release|Any CPU.ActiveCfg = Release|Any CPU
		{1C3E6518-2303-4528-AE64-41DFA7577A31}.Release|Any CPU.Build.0 = Release|Any CPU
	EndGlobalSection
	GlobalSection(SolutionProperties) = preSolution
		HideSolutionNode = FALSE
	EndGlobalSection
	GlobalSection(NestedProjects) = preSolution
		{86F22CF2-9D26-4CDC-8F86-69F47B8D7ABD} = {D7D0A5BB-D822-4A87-B49B-3AAC8C0899CC}
		{8F71D8C2-D269-4838-83B4-A65AA5178F09} = {127DBF8E-FD80-454D-B03F-3E56CB339D48}
		{1608538B-411F-4B8A-8C8B-4846D0B1EB82} = {127DBF8E-FD80-454D-B03F-3E56CB339D48}
		{41C0655C-8671-40FD-A780-F439E5627F8B} = {127DBF8E-FD80-454D-B03F-3E56CB339D48}
		{9498CD29-F633-456B-821E-7D637461C0C0} = {127DBF8E-FD80-454D-B03F-3E56CB339D48}
		{97CCD6D3-42BA-4DEC-B7F1-E7352D7BA5E7} = {A817F561-B1CB-4700-BA41-0EBB357484D6}
		{05ED174F-3592-47BB-8DF2-C6DFA7DED853} = {127DBF8E-FD80-454D-B03F-3E56CB339D48}
		{9E200D7A-C262-4193-94BA-8121FFA8D2EE} = {6A30A525-A315-409F-9830-222E63A9C39D}
		{0F1F9615-0072-48AF-B2E0-34E439A5D749} = {8D0C3B8D-40B4-41ED-8A24-FAC938C2DB9D}
		{010C1C7D-62FD-4169-A2DB-AFBAC367EA13} = {8D0C3B8D-40B4-41ED-8A24-FAC938C2DB9D}
		{A321F135-F377-4DF8-B5F0-2E1CD030A353} = {D7D0A5BB-D822-4A87-B49B-3AAC8C0899CC}
		{637B2344-3FE8-44A6-B581-EA8D3E2350D4} = {D7D0A5BB-D822-4A87-B49B-3AAC8C0899CC}
		{2A7EF9D5-936F-460B-B234-9A4128FAA6E0} = {86F22CF2-9D26-4CDC-8F86-69F47B8D7ABD}
		{1F3D551D-6BCB-4BF6-9FD9-C85E209194A7} = {86F22CF2-9D26-4CDC-8F86-69F47B8D7ABD}
		{FFD83A72-B8E5-477F-B11F-3754A5DB0A4F} = {86F22CF2-9D26-4CDC-8F86-69F47B8D7ABD}
		{9F6B2AD7-DD6B-4B3C-93C3-009E6BCB6AB3} = {86F22CF2-9D26-4CDC-8F86-69F47B8D7ABD}
		{1C3E6518-2303-4528-AE64-41DFA7577A31} = {A321F135-F377-4DF8-B5F0-2E1CD030A353}
	EndGlobalSection
	GlobalSection(ExtensibilityGlobals) = postSolution
		SolutionGuid = {339D59EB-C29E-4823-A83A-4F8E5E0BD31C}
	EndGlobalSection
EndGlobal
